{
  "nodes": {
    "crane": {
      "locked": {
        "lastModified": 1768319649,
        "narHash": "sha256-VFkNyxHxkqGp8gf8kfFMW1j6XeBy609kv6TE9uF/0Js=",
        "owner": "ipetkov",
        "repo": "crane",
        "rev": "4b6527687cfd20da3c2ef8287e01b74c2d6c705b",
        "type": "github"
      },
      "original": {
        "owner": "ipetkov",
        "repo": "crane",
        "type": "github"
      }
    },
    "crane_2": {
      "locked": {
        "lastModified": 1768873933,
        "narHash": "sha256-CfyzdaeLNGkyAHp3kT5vjvXhA1pVVK7nyDziYxCPsNk=",
        "owner": "ipetkov",
        "repo": "crane",
        "rev": "0bda7e7d005ccb5522a76d11ccfbf562b71953ca",
        "type": "github"
      },
      "original": {
        "owner": "ipetkov",
        "repo": "crane",
        "type": "github"
      }
    },
    "flake-compat": {
      "flake": false,
      "locked": {
        "lastModified": 1767039857,
        "narHash": "sha256-vNpUSpF5Nuw8xvDLj2KCwwksIbjua2LZCqhV1LNRDns=",
        "owner": "NixOS",
        "repo": "flake-compat",
        "rev": "5edf11c44bc78a0d334f6334cdaf7d60d732daab",
        "type": "github"
      },
      "original": {
        "owner": "NixOS",
        "repo": "flake-compat",
        "type": "github"
      }
    },
    "flake-parts": {
      "inputs": {
        "nixpkgs-lib": [
          "wayland-pipewire-idle-inhibit",
          "nixpkgs"
        ]
      },
      "locked": {
        "lastModified": 1772408722,
        "narHash": "sha256-rHuJtdcOjK7rAHpHphUb1iCvgkU3GpfvicLMwwnfMT0=",
        "owner": "hercules-ci",
        "repo": "flake-parts",
        "rev": "f20dc5d9b8027381c474144ecabc9034d6a839a3",
        "type": "github"
      },
      "original": {
        "owner": "hercules-ci",
        "repo": "flake-parts",
        "type": "github"
      }
    },
    "flake-parts_2": {
      "inputs": {
        "nixpkgs-lib": "nixpkgs-lib"
      },
      "locked": {
        "lastModified": 1768135262,
        "narHash": "sha256-PVvu7OqHBGWN16zSi6tEmPwwHQ4rLPU9Plvs8/1TUBY=",
        "owner": "hercules-ci",
        "repo": "flake-parts",
        "rev": "80daad04eddbbf5a4d883996a73f3f542fa437ac",
        "type": "github"
      },
      "original": {
        "owner": "hercules-ci",
        "repo": "flake-parts",
        "type": "github"
      }
    },
    "flake-utils": {
      "inputs": {
        "systems": "systems"
      },
      "locked": {
        "lastModified": 1731533236,
        "narHash": "sha256-l0KFg5HjrsfsO/JpG+r7fRrqm12kzFHyUHqHCVpMMbI=",
        "owner": "numtide",
        "repo": "flake-utils",
        "rev": "11707dc2f618dd54ca8739b309ec4fc024de578b",
        "type": "github"
      },
      "original": {
        "owner": "numtide",
        "repo": "flake-utils",
        "type": "github"
      }
    },
    "flake-utils_2": {
      "inputs": {
        "systems": "systems_2"
      },
      "locked": {
        "lastModified": 1731533236,
        "narHash": "sha256-l0KFg5HjrsfsO/JpG+r7fRrqm12kzFHyUHqHCVpMMbI=",
        "owner": "numtide",
        "repo": "flake-utils",
        "rev": "11707dc2f618dd54ca8739b309ec4fc024de578b",
        "type": "github"
      },
      "original": {
        "owner": "numtide",
        "repo": "flake-utils",
        "type": "github"
      }
    },
    "git-hooks": {
      "inputs": {
        "flake-compat": "flake-compat",
        "gitignore": "gitignore",
        "nixpkgs": [
          "nu-lint",
          "nixpkgs"
        ]
      },
      "locked": {
        "lastModified": 1767281941,
        "narHash": "sha256-6MkqajPICgugsuZ92OMoQcgSHnD6sJHwk8AxvMcIgTE=",
        "owner": "cachix",
        "repo": "git-hooks.nix",
        "rev": "f0927703b7b1c8d97511c4116eb9b4ec6645a0fa",
        "type": "github"
      },
      "original": {
        "owner": "cachix",
        "repo": "git-hooks.nix",
        "type": "github"
      }
    },
    "gitignore": {
      "inputs": {
        "nixpkgs": [
          "nu-lint",
          "git-hooks",
          "nixpkgs"
        ]
      },
      "locked": {
        "lastModified": 1709087332,
        "narHash": "sha256-HG2cCnktfHsKV0s4XW83gU3F57gaTljL9KNSuG6bnQs=",
        "owner": "hercules-ci",
        "repo": "gitignore.nix",
        "rev": "637db329424fd7e46cf4185293b9cc8c88c95394",
        "type": "github"
      },
      "original": {
        "owner": "hercules-ci",
        "repo": "gitignore.nix",
        "type": "github"
      }
    },
    "home-manager": {
      "inputs": {
        "nixpkgs": [
          "nixpkgs"
        ]
      },
      "locked": {
        "lastModified": 1779213149,
        "narHash": "sha256-Cf+p/T4Z3n9Sw0TiR3kQaIwQI+/hfvLJcoTzeq6yS3E=",
        "owner": "nix-community",
        "repo": "home-manager",
        "rev": "bd868f769a69d3b6091a1da68a75cb83a181033c",
        "type": "github"
      },
      "original": {
        "owner": "nix-community",
        "repo": "home-manager",
        "type": "github"
      }
    },
    "libtexprintf": {
      "inputs": {
        "flake-utils": "flake-utils",
        "nixpkgs": "nixpkgs"
      },
      "locked": {
        "lastModified": 1765650129,
        "narHash": "sha256-Y1RTjVPO8Xnh95vFDUoZsZQ21BH5W7Xh2mWVVhziaIA=",
        "owner": "xbwwj",
        "repo": "libtexprintf-nix",
        "rev": "6398ca3ad5929bb7dfe41bac3cdd08358bfe109f",
        "type": "github"
      },
      "original": {
        "owner": "xbwwj",
        "repo": "libtexprintf-nix",
        "type": "github"
      }
    },
    "nixpkgs": {
      "locked": {
        "lastModified": 1762361079,
        "narHash": "sha256-lz718rr1BDpZBYk7+G8cE6wee3PiBUpn8aomG/vLLiY=",
        "owner": "NixOS",
        "repo": "nixpkgs",
        "rev": "ffcdcf99d65c61956d882df249a9be53e5902ea5",
        "type": "github"
      },
      "original": {
        "id": "nixpkgs",
        "type": "indirect"
      }
    },
    "nixpkgs-lib": {
      "locked": {
        "lastModified": 1765674936,
        "narHash": "sha256-k00uTP4JNfmejrCLJOwdObYC9jHRrr/5M/a/8L2EIdo=",
        "owner": "nix-community",
        "repo": "nixpkgs.lib",
        "rev": "2075416fcb47225d9b68ac469a5c4801a9c4dd85",
        "type": "github"
      },
      "original": {
        "owner": "nix-community",
        "repo": "nixpkgs.lib",
        "type": "github"
      }
    },
    "nixpkgs_2": {
      "locked": {
        "lastModified": 1778869304,
        "narHash": "sha256-30sZNZoA1cqF5JNO9fVX+wgiQYjB7HJqqJ4ztCDeBZE=",
        "owner": "NixOS",
        "repo": "nixpkgs",
        "rev": "d233902339c02a9c334e7e593de68855ad26c4cb",
        "type": "github"
      },
      "original": {
        "id": "nixpkgs",
        "ref": "nixos-unstable",
        "type": "indirect"
      }
    },
    "nixpkgs_3": {
      "locked": {
        "lastModified": 1768302833,
        "narHash": "sha256-h5bRFy9bco+8QcK7rGoOiqMxMbmn21moTACofNLRMP4=",
        "owner": "NixOS",
        "repo": "nixpkgs",
        "rev": "61db79b0c6b838d9894923920b612048e1201926",
        "type": "github"
      },
      "original": {
        "owner": "NixOS",
        "ref": "nixpkgs-unstable",
        "repo": "nixpkgs",
        "type": "github"
      }
    },
    "nixpkgs_4": {
      "locked": {
        "lastModified": 1773821835,
        "narHash": "sha256-TJ3lSQtW0E2JrznGVm8hOQGVpXjJyXY2guAxku2O9A4=",
        "owner": "nixos",
        "repo": "nixpkgs",
        "rev": "b40629efe5d6ec48dd1efba650c797ddbd39ace0",
        "type": "github"
      },
      "original": {
        "owner": "nixos",
        "ref": "nixos-unstable",
        "repo": "nixpkgs",
        "type": "github"
      }
    },
    "nixpkgs_5": {
      "locked": {
        "lastModified": 1768564909,
        "narHash": "sha256-Kell/SpJYVkHWMvnhqJz/8DqQg2b6PguxVWOuadbHCc=",
        "owner": "nixos",
        "repo": "nixpkgs",
        "rev": "e4bae1bd10c9c57b2cf517953ab70060a828ee6f",
        "type": "github"
      },
      "original": {
        "owner": "nixos",
        "ref": "nixos-unstable",
        "repo": "nixpkgs",
        "type": "github"
      }
    },
    "nu-lint": {
      "inputs": {
        "crane": "crane",
        "flake-utils": "flake-utils_2",
        "git-hooks": "git-hooks",
        "nixpkgs": "nixpkgs_3",
        "rust-overlay": "rust-overlay"
      },
      "locked": {
        "lastModified": 1777713052,
        "narHash": "sha256-zALlwEEzk6IapnLbqn9v/HV5QC9dvJi7VzEWgCQJT2s=",
        "ref": "refs/heads/main",
        "rev": "ed6c21c71cd2aaeb7711df86db6399b077517025",
        "revCount": 364,
        "type": "git",
        "url": "https://codeberg.org/wvhulle/nu-lint.git"
      },
      "original": {
        "type": "git",
        "url": "https://codeberg.org/wvhulle/nu-lint.git"
      }
    },
    "root": {
      "inputs": {
        "home-manager": "home-manager",
        "libtexprintf": "libtexprintf",
        "nixpkgs": "nixpkgs_2",
        "nu-lint": "nu-lint",
        "wayland-pipewire-idle-inhibit": "wayland-pipewire-idle-inhibit",
        "xs": "xs"
      }
    },
    "rust-overlay": {
      "inputs": {
        "nixpkgs": [
          "nu-lint",
          "nixpkgs"
        ]
      },
      "locked": {
        "lastModified": 1768359079,
        "narHash": "sha256-a016mOfKconYrYo3fZLN6c2cnmqYYd44g2bUrBZAsQc=",
        "owner": "oxalica",
        "repo": "rust-overlay",
        "rev": "0357d1826057686637e41147545402cbbda420ce",
        "type": "github"
      },
      "original": {
        "owner": "oxalica",
        "repo": "rust-overlay",
        "type": "github"
      }
    },
    "rust-overlay_2": {
      "inputs": {
        "nixpkgs": [
          "xs",
          "nixpkgs"
        ]
      },
      "locked": {
        "lastModified": 1768877311,
        "narHash": "sha256-abSDl0cNr0B+YCsIDpO1SjXD9JMxE4s8EFnhLEFVovI=",
        "owner": "oxalica",
        "repo": "rust-overlay",
        "rev": "59e4ab96304585fde3890025fd59bd2717985cc1",
        "type": "github"
      },
      "original": {
        "owner": "oxalica",
        "repo": "rust-overlay",
        "type": "github"
      }
    },
    "systems": {
      "locked": {
        "lastModified": 1681028828,
        "narHash": "sha256-Vy1rq5AaRuLzOxct8nz4T6wlgyUR7zLU309k9mBC768=",
        "owner": "nix-systems",
        "repo": "default",
        "rev": "da67096a3b9bf56a91d16901293e51ba5b49a27e",
        "type": "github"
      },
      "original": {
        "owner": "nix-systems",
        "repo": "default",
        "type": "github"
      }
    },
    "systems_2": {
      "locked": {
        "lastModified": 1681028828,
        "narHash": "sha256-Vy1rq5AaRuLzOxct8nz4T6wlgyUR7zLU309k9mBC768=",
        "owner": "nix-systems",
        "repo": "default",
        "rev": "da67096a3b9bf56a91d16901293e51ba5b49a27e",
        "type": "github"
      },
      "original": {
        "owner": "nix-systems",
        "repo": "default",
        "type": "github"
      }
    },
    "systems_3": {
      "locked": {
        "lastModified": 1689347949,
        "narHash": "sha256-12tWmuL2zgBgZkdoB6qXZsgJEH9LR3oUgpaQq2RbI80=",
        "owner": "nix-systems",
        "repo": "default-linux",
        "rev": "31732fcf5e8fea42e59c2488ad31a0e651500f68",
        "type": "github"
      },
      "original": {
        "owner": "nix-systems",
        "repo": "default-linux",
        "type": "github"
      }
    },
    "treefmt-nix": {
      "inputs": {
        "nixpkgs": [
          "wayland-pipewire-idle-inhibit",
          "nixpkgs"
        ]
      },
      "locked": {
        "lastModified": 1773297127,
        "narHash": "sha256-6E/yhXP7Oy/NbXtf1ktzmU8SdVqJQ09HC/48ebEGBpk=",
        "owner": "numtide",
        "repo": "treefmt-nix",
        "rev": "71b125cd05fbfd78cab3e070b73544abe24c5016",
        "type": "github"
      },
      "original": {
        "owner": "numtide",
        "repo": "treefmt-nix",
        "type": "github"
      }
    },
    "wayland-pipewire-idle-inhibit": {
      "inputs": {
        "flake-parts": "flake-parts",
        "nixpkgs": "nixpkgs_4",
        "systems": "systems_3",
        "treefmt-nix": "treefmt-nix"
      },
      "locked": {
        "lastModified": 1773888879,
        "narHash": "sha256-AIj8Ib66ej35UNlbvGh0zW2lpGQfsh2aJbnxgBNaWAY=",
        "owner": "rafaelrc7",
        "repo": "wayland-pipewire-idle-inhibit",
        "rev": "948aa87003f6c94080650804a6974182e5948ca1",
        "type": "github"
      },
      "original": {
        "owner": "rafaelrc7",
        "repo": "wayland-pipewire-idle-inhibit",
        "type": "github"
      }
    },
    "xs": {
      "inputs": {
        "crane": "crane_2",
        "flake-parts": "flake-parts_2",
        "nixpkgs": "nixpkgs_5",
        "rust-overlay": "rust-overlay_2"
      },
      "locked": {
        "lastModified": 1776829003,
        "narHash": "sha256-fgS68hwxIU6RPa2YNQ1k528VwPlFpVi9czEz7emkwQo=",
        "owner": "cablehead",
        "repo": "xs",
        "rev": "eddfebbbc5c3327b030602a109bf9199f6b4c128",
        "type": "github"
      },
      "original": {
        "owner": "cablehead",
        "repo": "xs",
        "type": "github"
      }
    }
  },
  "root": "root",
  "version": 7
}
